
Microsoft Visual Studio Solution File, Format Version 12.00
# Visual Studio Version 17
VisualStudioVersion = 17.10.35027.167
MinimumVisualStudioVersion = 10.0.40219.1
Project("{FAE04EC0-301F-11D3-BF4B-00C04F79EFBC}") = "BaseLibrary", "BaseLibrary\BaseLibrary.csproj", "{0A8399DF-FEEB-499D-93A9-E9E0149691C4}"
EndProject
Project("{FAE04EC0-301F-11D3-BF4B-00C04F79EFBC}") = "ServerLibrary", "ServerLibrary\ServerLibrary.csproj", "{49957515-EAC8-4998-B6A1-40D81A317E7C}"
EndProject
Project("{FAE04EC0-301F-11D3-BF4B-00C04F79EFBC}") = "ClientLibrary", "ClientLibrary\ClientLibrary.csproj", "{96CAB186-2E95-4446-9D48-CFF923DFF6C0}"
EndProject
Project("{FAE04EC0-301F-11D3-BF4B-00C04F79EFBC}") = "Server", "Server\Server.csproj", "{1BBBDD4E-3646-48F1-A105-5ECC6FF3FCF0}"
EndProject
Project("{FAE04EC0-301F-11D3-BF4B-00C04F79EFBC}") = "Client", "Client\Client.csproj", "{190B0F9F-4B3E-4291-A3B6-EC5A47C3AB1F}"
EndProject
Global
	GlobalSection(SolutionConfigurationPlatforms) = preSolution
		Debug|Any CPU = Debug|Any CPU
		Release|Any CPU = Release|Any CPU
	EndGlobalSection
	GlobalSection(ProjectConfigurationPlatforms) = postSolution
		{0A8399DF-FEEB-499D-93A9-E9E0149691C4}.Debug|Any CPU.ActiveCfg = Debug|Any CPU
		{0A8399DF-FEEB-499D-93A9-E9E0149691C4}.Debug|Any CPU.Build.0 = Debug|Any CPU
		{0A8399DF-FEEB-499D-93A9-E9E0149691C4}.Release|Any CPU.ActiveCfg = Release|Any CPU
		{0A8399DF-FEEB-499D-93A9-E9E0149691C4}.Release|Any CPU.Build.0 = Release|Any CPU
		{49957515-EAC8-4998-B6A1-40D81A317E7C}.Debug|Any CPU.ActiveCfg = Debug|Any CPU
		{49957515-EAC8-4998-B6A1-40D81A317E7C}.Debug|Any CPU.Build.0 = Debug|Any CPU
		{49957515-EAC8-4998-B6A1-40D81A317E7C}.Release|Any CPU.ActiveCfg = Release|Any CPU
		{49957515-EAC8-4998-B6A1-40D81A317E7C}.Release|Any CPU.Build.0 = Release|Any CPU
		{96CAB186-2E95-4446-9D48-CFF923DFF6C0}.Debug|Any CPU.ActiveCfg = Debug|Any CPU
		{96CAB186-2E95-4446-9D48-CFF923DFF6C0}.Debug|Any CPU.Build.0 = Debug|Any CPU
		{96CAB186-2E95-4446-9D48-CFF923DFF6C0}.Release|Any CPU.ActiveCfg = Release|Any CPU
		{96CAB186-2E95-4446-9D48-CFF923DFF6C0}.Release|Any CPU.Build.0 = Release|Any CPU
		{1BBBDD4E-3646-48F1-A105-5ECC6FF3FCF0}.Debug|Any CPU.ActiveCfg = Debug|Any CPU
		{1BBBDD4E-3646-48F1-A105-5ECC6FF3FCF0}.Debug|Any CPU.Build.0 = Debug|Any CPU
		{1BBBDD4E-3646-48F1-A105-5ECC6FF3FCF0}.Release|Any CPU.ActiveCfg = Release|Any CPU
		{1BBBDD4E-3646-48F1-A105-5ECC6FF3FCF0}.Release|Any CPU.Build.0 = Release|Any CPU
		{190B0F9F-4B3E-4291-A3B6-EC5A47C3AB1F}.Debug|Any CPU.ActiveCfg = Debug|Any CPU
		{190B0F9F-4B3E-4291-A3B6-EC5A47C3AB1F}.Debug|Any CPU.Build.0 = Debug|Any CPU
		{190B0F9F-4B3E-4291-A3B6-EC5A47C3AB1F}.Release|Any CPU.ActiveCfg = Release|Any CPU
		{190B0F9F-4B3E-4291-A3B6-EC5A47C3AB1F}.Release|Any CPU.Build.0 = Release|Any CPU
	EndGlobalSection
	GlobalSection(SolutionProperties) = preSolution
		HideSolutionNode = FALSE
	EndGlobalSection
	GlobalSection(ExtensibilityGlobals) = postSolution
		SolutionGuid = {FFE2EEF6-7A59-4374-BBC7-41669B1A2F10}
	EndGlobalSection
EndGlobal
